# THIS IS AN AUTOGENERATED FILE. DO NOT EDIT THIS FILE DIRECTLY.
# yarn lockfile v1


"@vant/weapp@^1.11.0":
  version "1.11.0"
  resolved "http://npm.100tal.com/@vant/weapp/-/weapp-1.11.0.tgz#135ec9daf7b8c1c39112006437100edbc5630173"
  integrity sha512-4m0w6H6VSYOXmTcTaoZPlTMCF8+dD0MdccBvM8UGXACkT8xuYlSBzHcttr089hpVknaaGoYn2zub1l3bzIv2Uw==

array-find-index@^1.0.2:
  version "1.0.2"
  resolved "http://npm.100tal.com/array-find-index/-/array-find-index-1.0.2.tgz#df010aa1287e164bbda6f9723b0a96a1ec4187a1"
  integrity sha512-M1HQyIXcBGtVywBt8WVdim+lrNaK7VHp99Qt5pSNziXznKHViIBbXWtfRTpEFpF/c4FdfxNAsCCwPp5phBYJtw==

axios-miniprogram-adapter@^0.3.5:
  version "0.3.5"
  resolved "http://npm.100tal.com/axios-miniprogram-adapter/-/axios-miniprogram-adapter-0.3.5.tgz#b02fbf61ec8899703c24eaa75fecd384509cacbd"
  integrity sha512-ZAudH+aTi0QPIy8IQm26F0nxKoTFa/mNhDfxGkG5ndsQe4RVnyyb6f50tIT13nHtNepAjZo9i+UGmTbke5+lbQ==
  dependencies:
    axios "^0.19.2"

axios@^0.19.2:
  version "0.19.2"
  resolved "http://npm.100tal.com/axios/-/axios-0.19.2.tgz#3ea36c5d8818d0d5f8a8a97a6d36b86cdc00cb27"
  integrity sha512-fjgm5MvRHLhx+osE2xoekY70AhARk3a6hkN+3Io1jc00jtquGvxYlKlsFUhmUET0V5te6CcZI7lcv2Ym61mjHA==
  dependencies:
    follow-redirects "1.5.10"

axios@^0.26.0:
  version "0.26.1"
  resolved "http://npm.100tal.com/axios/-/axios-0.26.1.tgz#1ede41c51fcf51bbbd6fd43669caaa4f0495aaa9"
  integrity sha512-fPwcX4EvnSHuInCMItEhAGnaSEXRBjtzh9fOtsE6E1G6p7vl7edEeZe11QHf18+6+9gR5PbKV/sGKNaD8YaMeA==
  dependencies:
    follow-redirects "^1.14.8"

debug@=3.1.0:
  version "3.1.0"
  resolved "http://npm.100tal.com/debug/-/debug-3.1.0.tgz#5bb5a0672628b64149566ba16819e61518c67261"
  integrity sha512-OX8XqP7/1a9cqkxYw2yXss15f26NKWBpDXQd0/uK/KPqdQhxbPa994hnzjcE2VqQpDslf55723cKPUOGSmMY3g==
  dependencies:
    ms "2.0.0"

debug@^3.1.0:
  version "3.2.7"
  resolved "http://npm.100tal.com/debug/-/debug-3.2.7.tgz#72580b7e9145fb39b6676f9c5e5fb100b934179a"
  integrity sha512-CFjzYYAi4ThfiQvizrFQevTTXHtnCqWfe7x1AhgEscTz6ZbLbfoLRLPugTQyBth6f8ZERVUSyWHFD/7Wu4t1XQ==
  dependencies:
    ms "^2.1.1"

follow-redirects@1.5.10:
  version "1.5.10"
  resolved "http://npm.100tal.com/follow-redirects/-/follow-redirects-1.5.10.tgz#7b7a9f9aea2fdff36786a94ff643ed07f4ff5e2a"
  integrity sha512-0V5l4Cizzvqt5D44aTXbFZz+FtyXV1vrDN6qrelxtfYQKW0KO0W2T/hkE8xvGa/540LkZlkaUjO4ailYTFtHVQ==
  dependencies:
    debug "=3.1.0"

follow-redirects@^1.14.8, follow-redirects@^1.15.2:
  version "1.15.2"
  resolved "http://npm.100tal.com/follow-redirects/-/follow-redirects-1.15.2.tgz#b460864144ba63f2681096f274c4e57026da2c13"
  integrity sha512-VQLG33o04KaQ8uYi2tVNbdrWp1QWxNNea+nmIB4EVM28v0hmP17z7aG1+wAkNzVq4KeXTq3221ye5qTJP91JwA==

mint-ui@^2.2.13:
  version "2.2.13"
  resolved "http://npm.100tal.com/mint-ui/-/mint-ui-2.2.13.tgz#856a2cba9608c6ecf21f0e521ce89ed8ddfe33d3"
  integrity sha512-Xz1SFagHSzKOprwQv3fcekXT5RJvhh939zwZHcWeazk1OJrCjsD4I2qm49AEUCfT1AoYzC+rsZIwGP/J6LwVVw==
  dependencies:
    array-find-index "^1.0.2"
    raf.js "0.0.4"
    vue-lazyload "^1.0.1"

ms@2.0.0:
  version "2.0.0"
  resolved "http://npm.100tal.com/ms/-/ms-2.0.0.tgz#5608aeadfc00be6c2901df5f9861788de0d597c8"
  integrity sha512-Tpp60P6IUJDTuOq/5Z8cdskzJujfwqfOTkrwIwj7IRISpnkJnT6SyJ4PCPnGMoFjC9ddhal5KVIYtAt97ix05A==

ms@^2.0.0, ms@^2.1.1:
  version "2.1.3"
  resolved "http://npm.100tal.com/ms/-/ms-2.1.3.tgz#574c8138ce1d2b5861f0b44579dbadd60c6615b2"
  integrity sha512-6FlzubTLZG3J2a/NVCAleEhjzq5oxgHyaCU9yYXvcLsvoVaHJq/s5xXI6/XXP6tz7R9xAOtHnSO/tXtF3WRTlA==

neo-async@^2.6.2:
  version "2.6.2"
  resolved "http://npm.100tal.com/neo-async/-/neo-async-2.6.2.tgz#b4aafb93e3aeb2d8174ca53cf163ab7d7308305f"
  integrity sha512-Yd3UES5mWCSqR+qNT93S3UoYUkqAZ9lLg8a7g9rimsWmYGK8cVToA4/sF3RrshdyV3sAGMXVUmpMYOw+dLpOuw==

raf.js@0.0.4:
  version "0.0.4"
  resolved "http://npm.100tal.com/raf.js/-/raf.js-0.0.4.tgz#f15af445d241b27fa7131a57450b67ef9c402fec"
  integrity sha512-1239iw+nLUd8xbAQFQlbNEONJGAe6JQpMnSp0HTqODymjE4rGLXx+c9KaOlIldSoryVGU522NaqMn8GGBex+ZA==

sass-loader@^13.3.2:
  version "13.3.2"
  resolved "http://npm.100tal.com/sass-loader/-/sass-loader-13.3.2.tgz#460022de27aec772480f03de17f5ba88fa7e18c6"
  integrity sha512-CQbKl57kdEv+KDLquhC+gE3pXt74LEAzm+tzywcA0/aHZuub8wTErbjAoNI57rPUWRYRNC5WUnNl8eGJNbDdwg==
  dependencies:
    neo-async "^2.6.2"

uview-ui@^1.8.8:
  version "1.8.8"
  resolved "http://npm.100tal.com/uview-ui/-/uview-ui-1.8.8.tgz#2db41f5b5d59452eb2a17e4aa0b684a004ed0265"
  integrity sha512-Osal3yzXiHor0In9OPTZuXTaqTbDglMZ9RGK/MPYDoQQs+y0hrBCUD0Xp5T70C8i2lLu2X6Z11zJhmsQWMR7Jg==

vue-lazyload@^1.0.1:
  version "1.3.5"
  resolved "http://npm.100tal.com/vue-lazyload/-/vue-lazyload-1.3.5.tgz#eb36d299a519167d987fdf0ebfdc9c6dd1bf1ef0"
  integrity sha512-SCO/LWgCCbjaregHO4wg2buzITBdPBZRlIS104vERGpT88uxXsK26veuzZpgGAXMR8WpkaR+JDqz80OedpaLiA==
